<Solution>
  <Folder Name="/Solution Items/">
    <File Path="../compose.yaml" />
    <File Path="../../README.md" />
    <File Path="../../.github/workflows/build.yml" />
    <File Path="../../.gitignore" />
    <File Path="../.editorconfig" />
    <File Path="Directory.Build.props" />
    <File Path="Directory.Build.targets" />
    <File Path="Directory.Packages.props" />
  </Folder>
  <Project Path="Intelligence.TradeSystem.Api/Intelligence.TradeSystem.Api.csproj" />
  <Project Path="Intelligence.TradeSystem.Application/Intelligence.TradeSystem.Application.csproj" />
  <Project Path="Intelligence.TradeSystem.Domain/Intelligence.TradeSystem.Domain.csproj" />
  <Project Path="Intelligence.TradeSystem.MarketIntelligence/Intelligence.TradeSystem.MarketIntelligence.csproj" />
  <Folder Name="/Aspire/">
    <Project Path="Intelligence.TradeSystem.AppHost/Intelligence.TradeSystem.AppHost.csproj" />
    <Project Path="Intelligence.TradeSystem.ServiceDefaults/Intelligence.TradeSystem.ServiceDefaults.csproj" />
  </Folder>
  <Folder Name="/Tests/">
    <Project Path="Intelligence.TradeSystem.Architecture.Tests/Intelligence.TradeSystem.Architecture.Tests.csproj" />
    <Project Path="Intelligence.TradeSystem.Api.Tests/Intelligence.TradeSystem.Api.Tests.csproj" />
    <Project Path="Intelligence.TradeSystem.Application.Tests/Intelligence.TradeSystem.Application.Tests.csproj" />
    <Project Path="Intelligence.TradeSystem.Exchanges.Tests/Intelligence.TradeSystem.Exchanges.Tests.csproj" />
    <Project Path="Intelligence.TradeSystem.MarketIntelligence.Tests/Intelligence.TradeSystem.MarketIntelligence.Tests.csproj" />
  </Folder>
  <Project Path="Intelligence.TradeSystem.Exchanges/Intelligence.TradeSystem.Exchanges.csproj" />
</Solution>
