<Solution>
  <Folder Name="/Solution Items/">
    <File Path="../compose.yaml" />
    <File Path="../README.md" />
    <File Path="../.github/workflows/build.yml" />
    <File Path="../.gitignore" />
    <File Path="../.editorconfig" />
    <File Path="Directory.Build.props" />
    <File Path="Directory.Build.targets" />
    <File Path="Directory.Packages.props" />
  </Folder>
  <Project Path="Intelligence.TradeSystem.Analysis/Intelligence.TradeSystem.Analysis.csproj" />
  <Project Path="Intelligence.TradeSystem.Analytics/Intelligence.TradeSystem.Analytics.csproj" />
  <Project Path="Intelligence.TradeSystem.Api/Intelligence.TradeSystem.Api.csproj" />
  <Project Path="Intelligence.TradeSystem.Application/Intelligence.TradeSystem.Application.csproj" />
  <Project Path="Intelligence.TradeSystem.Domain/Intelligence.TradeSystem.Domain.csproj" />
  <Folder Name="/Aspire/">
    <Project Path="Intelligence.TradeSystem.AppHost/Intelligence.TradeSystem.AppHost.csproj" />
    <Project Path="Intelligence.TradeSystem.ServiceDefaults/Intelligence.TradeSystem.ServiceDefaults.csproj" />
  </Folder>
  <Folder Name="/Tests/">
    <Project Path="Intelligence.TradeSystem.Api.Tests/Intelligence.TradeSystem.Api.Tests.csproj" />
    <Project Path="Intelligence.TradeSystem.Analytics.Tests/Intelligence.TradeSystem.Analytics.Tests.csproj" />
    <Project Path="Intelligence.TradeSystem.Analysis.Tests/Intelligence.TradeSystem.Analysis.Tests.csproj" />
    <Project Path="Intelligence.TradeSystem.Application.Tests/Intelligence.TradeSystem.Application.Tests.csproj" />
    <Project Path="Intelligence.TradeSystem.Exchanges.Tests/Intelligence.TradeSystem.Exchanges.Tests.csproj" />
    <Project Path="Intelligence.TradeSystem.Indicators.Tests/Intelligence.TradeSystem.Indicators.Tests.csproj" />
  </Folder>
  <Project Path="Intelligence.TradeSystem.Abstractions/Intelligence.TradeSystem.Abstractions.csproj" />
  <Project Path="Intelligence.TradeSystem.Exchanges/Intelligence.TradeSystem.Exchanges.csproj" />
  <Project Path="Intelligence.TradeSystem.Indicators/Intelligence.TradeSystem.Indicators.csproj" />
</Solution>
