<Solution>
  <Folder Name="/Solution Items/">
    <File Path="../compose.yaml" />
    <File Path="../.editorconfig" />
    <File Path="../.gitignore" />
  </Folder>
  <Project Path="Intelligence.TradeSystem.Backend.Host/Intelligence.TradeSystem.Backend.Host.csproj" />
  <Project Path="Intelligence.TradeSystem.Domain/Intelligence.TradeSystem.Domain.csproj" />
  <Folder Name="/Tests/">
    <Project Path="Intelligence.TradeSystem.Indicators.Tests/Intelligence.TradeSystem.Indicators.Tests.csproj" />
  </Folder>
  <Project Path="Intelligence.TradeSystem.Abstractions/Intelligence.TradeSystem.Abstractions.csproj" />
  <Project Path="Intelligence.TradeSystem.Exchanges/Intelligence.TradeSystem.Exchanges.csproj" />
  <Project Path="Intelligence.TradeSystem.Indicators/Intelligence.TradeSystem.Indicators.csproj" />
</Solution>
